// !$*UTF8*$!
{
	archiveVersion = 1;
	classes = {
	};
	objectVersion = 54;
	objects = {

/* Begin PBXBuildFile section */
		4B1D0A1F2504152100D26450 /* NFCwriter.swift in Sources */ = {isa = PBXBuildFile; fileRef = 4B1D0A1D2504152100D26450 /* NFCwriter.swift */; };
		4B1D0A202504152100D26450 /* NFCwriter.swift in Sources */ = {isa = PBXBuildFile; fileRef = 4B1D0A1D2504152100D26450 /* NFCwriter.swift */; };
		4B1D0A212504152100D26450 /* NFCwriter.swift in Sources */ = {isa = PBXBuildFile; fileRef = 4B1D0A1D2504152100D26450 /* NFCwriter.swift */; };
		4B1D0A222504152100D26450 /* NFCreader.swift in Sources */ = {isa = PBXBuildFile; fileRef = 4B1D0A1E2504152100D26450 /* NFCreader.swift */; };
		4B1D0A232504152100D26450 /* NFCreader.swift in Sources */ = {isa = PBXBuildFile; fileRef = 4B1D0A1E2504152100D26450 /* NFCreader.swift */; };
		4B1D0A242504152100D26450 /* NFCreader.swift in Sources */ = {isa = PBXBuildFile; fileRef = 4B1D0A1E2504152100D26450 /* NFCreader.swift */; };
		4B1D0A2F2504169F00D26450 /* reader.swift in Sources */ = {isa = PBXBuildFile; fileRef = 4B1D0A2D2504169F00D26450 /* reader.swift */; };
		4B1D0A302504169F00D26450 /* reader.swift in Sources */ = {isa = PBXBuildFile; fileRef = 4B1D0A2D2504169F00D26450 /* reader.swift */; };
		4B1D0A312504169F00D26450 /* reader.swift in Sources */ = {isa = PBXBuildFile; fileRef = 4B1D0A2D2504169F00D26450 /* reader.swift */; };
		4B1D0A322504169F00D26450 /* writer.swift in Sources */ = {isa = PBXBuildFile; fileRef = 4B1D0A2E2504169F00D26450 /* writer.swift */; };
		4B1D0A332504169F00D26450 /* writer.swift in Sources */ = {isa = PBXBuildFile; fileRef = 4B1D0A2E2504169F00D26450 /* writer.swift */; };
		4B1D0A342504169F00D26450 /* writer.swift in Sources */ = {isa = PBXBuildFile; fileRef = 4B1D0A2E2504169F00D26450 /* writer.swift */; };
		4B1D0A3625041ACE00D26450 /* TeaDataResponse.swift in Sources */ = {isa = PBXBuildFile; fileRef = 4B1D0A3525041ACE00D26450 /* TeaDataResponse.swift */; };
		4B1D0A3725041ACE00D26450 /* TeaDataResponse.swift in Sources */ = {isa = PBXBuildFile; fileRef = 4B1D0A3525041ACE00D26450 /* TeaDataResponse.swift */; };
		4B1D0A3825041ACE00D26450 /* TeaDataResponse.swift in Sources */ = {isa = PBXBuildFile; fileRef = 4B1D0A3525041ACE00D26450 /* TeaDataResponse.swift */; };
		4B29053024C0AEDE007A3D1B /* TeaElephantApp.swift in Sources */ = {isa = PBXBuildFile; fileRef = 4B29052F24C0AEDE007A3D1B /* TeaElephantApp.swift */; };
		4B29053224C0AEDE007A3D1B /* ContentView.swift in Sources */ = {isa = PBXBuildFile; fileRef = 4B29053124C0AEDE007A3D1B /* ContentView.swift */; };
		4B29053424C0AEDF007A3D1B /* Assets.xcassets in Resources */ = {isa = PBXBuildFile; fileRef = 4B29053324C0AEDF007A3D1B /* Assets.xcassets */; };
		4B29053724C0AEDF007A3D1B /* Preview Assets.xcassets in Resources */ = {isa = PBXBuildFile; fileRef = 4B29053624C0AEDF007A3D1B /* Preview Assets.xcassets */; };
		4B29054224C0AEDF007A3D1B /* TeaElephantTests.swift in Sources */ = {isa = PBXBuildFile; fileRef = 4B29054124C0AEDF007A3D1B /* TeaElephantTests.swift */; };
		4B29054D24C0AEDF007A3D1B /* TeaElephantUITests.swift in Sources */ = {isa = PBXBuildFile; fileRef = 4B29054C24C0AEDF007A3D1B /* TeaElephantUITests.swift */; };
		4B29055F24C2ED3E007A3D1B /* TeaInfo.swift in Sources */ = {isa = PBXBuildFile; fileRef = 4B29055E24C2ED3E007A3D1B /* TeaInfo.swift */; };
		4B29056424C4374F007A3D1B /* NewCard.swift in Sources */ = {isa = PBXBuildFile; fileRef = 4B29056324C4374F007A3D1B /* NewCard.swift */; };
		4B29056624C43760007A3D1B /* ShowCard.swift in Sources */ = {isa = PBXBuildFile; fileRef = 4B29056524C43760007A3D1B /* ShowCard.swift */; };
		4B34874524C63EE20098F811 /* KeyboardHeightPublisher.swift in Sources */ = {isa = PBXBuildFile; fileRef = 4B34874424C63EE20098F811 /* KeyboardHeightPublisher.swift */; };
		4B34874724C63F360098F811 /* UIResponder+Current.swift in Sources */ = {isa = PBXBuildFile; fileRef = 4B34874624C63F360098F811 /* UIResponder+Current.swift */; };
		4B37AF0A25AA608E00209E22 /* searcher.swift in Sources */ = {isa = PBXBuildFile; fileRef = 4B37AF0925AA608E00209E22 /* searcher.swift */; };
		4B37AF1325AA65BD00209E22 /* searcher.swift in Sources */ = {isa = PBXBuildFile; fileRef = 4B37AF0925AA608E00209E22 /* searcher.swift */; };
		4B37AF1E25AAE60200209E22 /* Description.swift in Sources */ = {isa = PBXBuildFile; fileRef = 4B37AF1D25AAE60200209E22 /* Description.swift */; };
		4B37AF1F25AAE60200209E22 /* Description.swift in Sources */ = {isa = PBXBuildFile; fileRef = 4B37AF1D25AAE60200209E22 /* Description.swift */; };
		4B587D6024D6E865006B9F96 /* TeaMeta.swift in Sources */ = {isa = PBXBuildFile; fileRef = 4B587D5F24D6E865006B9F96 /* TeaMeta.swift */; };
		4B587D6124D6E865006B9F96 /* TeaMeta.swift in Sources */ = {isa = PBXBuildFile; fileRef = 4B587D5F24D6E865006B9F96 /* TeaMeta.swift */; };
		4B587D6424D6EDFB006B9F96 /* api.swift in Sources */ = {isa = PBXBuildFile; fileRef = 4B587D6324D6EDFB006B9F96 /* api.swift */; };
		4B587D6524D6EDFB006B9F96 /* api.swift in Sources */ = {isa = PBXBuildFile; fileRef = 4B587D6324D6EDFB006B9F96 /* api.swift */; };
		4B587D6B24D757DC006B9F96 /* CoreNFC.framework in Frameworks */ = {isa = PBXBuildFile; fileRef = 4BA6B76824C4E20800C46814 /* CoreNFC.framework */; };
		4B67095C24C8A89900F4C4ED /* CardViewer.swift in Sources */ = {isa = PBXBuildFile; fileRef = 4B67095B24C8A89900F4C4ED /* CardViewer.swift */; };
		4B81886A250CBDBC0056E169 /* StoreKit.framework in Frameworks */ = {isa = PBXBuildFile; fileRef = 4B818868250CBD990056E169 /* StoreKit.framework */; };
		4B81886D250CBDD60056E169 /* StoreKit.framework in Frameworks */ = {isa = PBXBuildFile; fileRef = 4B818868250CBD990056E169 /* StoreKit.framework */; };
		4B85B4E524C447DE00588DB9 /* Menu.swift in Sources */ = {isa = PBXBuildFile; fileRef = 4B85B4E424C447DE00588DB9 /* Menu.swift */; };
		4B864A3325AB0A7000714203 /* MessagePacker in Frameworks */ = {isa = PBXBuildFile; productRef = 4B587D5B24D6D1E4006B9F96 /* MessagePacker */; };
		4B864A3425AB0A7000714203 /* MessagePacker in Frameworks */ = {isa = PBXBuildFile; productRef = 4B587D5D24D6D1F1006B9F96 /* MessagePacker */; };
		4B8D0BB625AAEB6600FF40DB /* Name.swift in Sources */ = {isa = PBXBuildFile; fileRef = 4B8D0BB525AAEB6600FF40DB /* Name.swift */; };
		4B8D0BB725AAEB6600FF40DB /* Name.swift in Sources */ = {isa = PBXBuildFile; fileRef = 4B8D0BB525AAEB6600FF40DB /* Name.swift */; };
		4B8D0BBD25AAECA900FF40DB /* Type.swift in Sources */ = {isa = PBXBuildFile; fileRef = 4B8D0BBC25AAECA900FF40DB /* Type.swift */; };
		4B8D0BBE25AAECA900FF40DB /* Type.swift in Sources */ = {isa = PBXBuildFile; fileRef = 4B8D0BBC25AAECA900FF40DB /* Type.swift */; };
		4B8E853324D08D0B001FCFFF /* TeaElephantAppClipApp.swift in Sources */ = {isa = PBXBuildFile; fileRef = 4B8E853224D08D0B001FCFFF /* TeaElephantAppClipApp.swift */; };
		4B8E853724D08D0D001FCFFF /* Assets.xcassets in Resources */ = {isa = PBXBuildFile; fileRef = 4B8E853624D08D0D001FCFFF /* Assets.xcassets */; };
		4B8E853A24D08D0D001FCFFF /* Preview Assets.xcassets in Resources */ = {isa = PBXBuildFile; fileRef = 4B8E853924D08D0D001FCFFF /* Preview Assets.xcassets */; };
		4B8E853F24D08D0D001FCFFF /* TeaElephantAppClip.app in Embed App Clips */ = {isa = PBXBuildFile; fileRef = 4B8E853024D08D0B001FCFFF /* TeaElephantAppClip.app */; settings = {ATTRIBUTES = (RemoveHeadersOnCopy, ); }; };
		4B8E854624D09F31001FCFFF /* SharedAssets.xcassets in Resources */ = {isa = PBXBuildFile; fileRef = 4B8E854524D09F31001FCFFF /* SharedAssets.xcassets */; };
		4B8E854724D09F8B001FCFFF /* TeaInfo.swift in Sources */ = {isa = PBXBuildFile; fileRef = 4B29055E24C2ED3E007A3D1B /* TeaInfo.swift */; };
		4B8E854824D09F8C001FCFFF /* TeaInfo.swift in Sources */ = {isa = PBXBuildFile; fileRef = 4B29055E24C2ED3E007A3D1B /* TeaInfo.swift */; };
		4B8E854924D09F8D001FCFFF /* TeaInfo.swift in Sources */ = {isa = PBXBuildFile; fileRef = 4B29055E24C2ED3E007A3D1B /* TeaInfo.swift */; };
		4B8E854C24D09F93001FCFFF /* NearFieldCommunicator.swift in Sources */ = {isa = PBXBuildFile; fileRef = 4BA6B76524C4E1C400C46814 /* NearFieldCommunicator.swift */; };
		4B8E854F24D09F95001FCFFF /* NearFieldCommunicator.swift in Sources */ = {isa = PBXBuildFile; fileRef = 4BA6B76524C4E1C400C46814 /* NearFieldCommunicator.swift */; };
		4B8E855024D09F9F001FCFFF /* UIResponder+Current.swift in Sources */ = {isa = PBXBuildFile; fileRef = 4B34874624C63F360098F811 /* UIResponder+Current.swift */; };
		4B8E855124D09F9F001FCFFF /* ContentView.swift in Sources */ = {isa = PBXBuildFile; fileRef = 4B29053124C0AEDE007A3D1B /* ContentView.swift */; };
		4B8E855224D09F9F001FCFFF /* NewCard.swift in Sources */ = {isa = PBXBuildFile; fileRef = 4B29056324C4374F007A3D1B /* NewCard.swift */; };
		4B8E855324D09F9F001FCFFF /* CardViewer.swift in Sources */ = {isa = PBXBuildFile; fileRef = 4B67095B24C8A89900F4C4ED /* CardViewer.swift */; };
		4B8E855424D09F9F001FCFFF /* KeyboardHeightPublisher.swift in Sources */ = {isa = PBXBuildFile; fileRef = 4B34874424C63EE20098F811 /* KeyboardHeightPublisher.swift */; };
		4B8E855524D09F9F001FCFFF /* ShowCard.swift in Sources */ = {isa = PBXBuildFile; fileRef = 4B29056524C43760007A3D1B /* ShowCard.swift */; };
		4B8E855624D09F9F001FCFFF /* Menu.swift in Sources */ = {isa = PBXBuildFile; fileRef = 4B85B4E424C447DE00588DB9 /* Menu.swift */; };
		4B8E855724D09FAA001FCFFF /* SharedAssets.xcassets in Resources */ = {isa = PBXBuildFile; fileRef = 4B8E854524D09F31001FCFFF /* SharedAssets.xcassets */; };
		4B8E855C24D0AEA5001FCFFF /* FullAppOffer.swift in Sources */ = {isa = PBXBuildFile; fileRef = 4B8E855B24D0AEA5001FCFFF /* FullAppOffer.swift */; };
		4BA6B76624C4E1C400C46814 /* NearFieldCommunicator.swift in Sources */ = {isa = PBXBuildFile; fileRef = 4BA6B76524C4E1C400C46814 /* NearFieldCommunicator.swift */; };
		4BA6B76924C4E20800C46814 /* CoreNFC.framework in Frameworks */ = {isa = PBXBuildFile; fileRef = 4BA6B76824C4E20800C46814 /* CoreNFC.framework */; };
/* End PBXBuildFile section */

/* Begin PBXContainerItemProxy section */
		4B29053E24C0AEDF007A3D1B /* PBXContainerItemProxy */ = {
			isa = PBXContainerItemProxy;
			containerPortal = 4B29052424C0AEDE007A3D1B /* Project object */;
			proxyType = 1;
			remoteGlobalIDString = 4B29052B24C0AEDE007A3D1B;
			remoteInfo = TeaElephant;
		};
		4B29054924C0AEDF007A3D1B /* PBXContainerItemProxy */ = {
			isa = PBXContainerItemProxy;
			containerPortal = 4B29052424C0AEDE007A3D1B /* Project object */;
			proxyType = 1;
			remoteGlobalIDString = 4B29052B24C0AEDE007A3D1B;
			remoteInfo = TeaElephant;
		};
		4B8E853D24D08D0D001FCFFF /* PBXContainerItemProxy */ = {
			isa = PBXContainerItemProxy;
			containerPortal = 4B29052424C0AEDE007A3D1B /* Project object */;
			proxyType = 1;
			remoteGlobalIDString = 4B8E852F24D08D0B001FCFFF;
			remoteInfo = TeaElephantAppClip;
		};
/* End PBXContainerItemProxy section */

/* Begin PBXCopyFilesBuildPhase section */
		4B8E854024D08D0D001FCFFF /* Embed App Clips */ = {
			isa = PBXCopyFilesBuildPhase;
			buildActionMask = 2147483647;
			dstPath = "$(CONTENTS_FOLDER_PATH)/AppClips";
			dstSubfolderSpec = 16;
			files = (
				4B8E853F24D08D0D001FCFFF /* TeaElephantAppClip.app in Embed App Clips */,
			);
			name = "Embed App Clips";
			runOnlyForDeploymentPostprocessing = 0;
		};
/* End PBXCopyFilesBuildPhase section */

/* Begin PBXFileReference section */
		4B1D0A1D2504152100D26450 /* NFCwriter.swift */ = {isa = PBXFileReference; fileEncoding = 4; lastKnownFileType = sourcecode.swift; path = NFCwriter.swift; sourceTree = "<group>"; };
		4B1D0A1E2504152100D26450 /* NFCreader.swift */ = {isa = PBXFileReference; fileEncoding = 4; lastKnownFileType = sourcecode.swift; path = NFCreader.swift; sourceTree = "<group>"; };
		4B1D0A2D2504169F00D26450 /* reader.swift */ = {isa = PBXFileReference; fileEncoding = 4; lastKnownFileType = sourcecode.swift; path = reader.swift; sourceTree = "<group>"; };
		4B1D0A2E2504169F00D26450 /* writer.swift */ = {isa = PBXFileReference; fileEncoding = 4; lastKnownFileType = sourcecode.swift; path = writer.swift; sourceTree = "<group>"; };
		4B1D0A3525041ACE00D26450 /* TeaDataResponse.swift */ = {isa = PBXFileReference; lastKnownFileType = sourcecode.swift; path = TeaDataResponse.swift; sourceTree = "<group>"; };
		4B29052C24C0AEDE007A3D1B /* TeaElephant.app */ = {isa = PBXFileReference; explicitFileType = wrapper.application; includeInIndex = 0; path = TeaElephant.app; sourceTree = BUILT_PRODUCTS_DIR; };
		4B29052F24C0AEDE007A3D1B /* TeaElephantApp.swift */ = {isa = PBXFileReference; lastKnownFileType = sourcecode.swift; path = TeaElephantApp.swift; sourceTree = "<group>"; };
		4B29053124C0AEDE007A3D1B /* ContentView.swift */ = {isa = PBXFileReference; lastKnownFileType = sourcecode.swift; path = ContentView.swift; sourceTree = "<group>"; };
		4B29053324C0AEDF007A3D1B /* Assets.xcassets */ = {isa = PBXFileReference; lastKnownFileType = folder.assetcatalog; path = Assets.xcassets; sourceTree = "<group>"; };
		4B29053624C0AEDF007A3D1B /* Preview Assets.xcassets */ = {isa = PBXFileReference; lastKnownFileType = folder.assetcatalog; path = "Preview Assets.xcassets"; sourceTree = "<group>"; };
		4B29053824C0AEDF007A3D1B /* Info.plist */ = {isa = PBXFileReference; lastKnownFileType = text.plist.xml; path = Info.plist; sourceTree = "<group>"; };
		4B29053D24C0AEDF007A3D1B /* TeaElephantTests.xctest */ = {isa = PBXFileReference; explicitFileType = wrapper.cfbundle; includeInIndex = 0; path = TeaElephantTests.xctest; sourceTree = BUILT_PRODUCTS_DIR; };
		4B29054124C0AEDF007A3D1B /* TeaElephantTests.swift */ = {isa = PBXFileReference; lastKnownFileType = sourcecode.swift; path = TeaElephantTests.swift; sourceTree = "<group>"; };
		4B29054324C0AEDF007A3D1B /* Info.plist */ = {isa = PBXFileReference; lastKnownFileType = text.plist.xml; path = Info.plist; sourceTree = "<group>"; };
		4B29054824C0AEDF007A3D1B /* TeaElephantUITests.xctest */ = {isa = PBXFileReference; explicitFileType = wrapper.cfbundle; includeInIndex = 0; path = TeaElephantUITests.xctest; sourceTree = BUILT_PRODUCTS_DIR; };
		4B29054C24C0AEDF007A3D1B /* TeaElephantUITests.swift */ = {isa = PBXFileReference; lastKnownFileType = sourcecode.swift; path = TeaElephantUITests.swift; sourceTree = "<group>"; };
		4B29054E24C0AEDF007A3D1B /* Info.plist */ = {isa = PBXFileReference; lastKnownFileType = text.plist.xml; path = Info.plist; sourceTree = "<group>"; };
		4B29055E24C2ED3E007A3D1B /* TeaInfo.swift */ = {isa = PBXFileReference; lastKnownFileType = sourcecode.swift; path = TeaInfo.swift; sourceTree = "<group>"; };
		4B29056024C35DE9007A3D1B /* TeaElephant.entitlements */ = {isa = PBXFileReference; lastKnownFileType = text.plist.entitlements; path = TeaElephant.entitlements; sourceTree = "<group>"; };
		4B29056324C4374F007A3D1B /* NewCard.swift */ = {isa = PBXFileReference; lastKnownFileType = sourcecode.swift; path = NewCard.swift; sourceTree = "<group>"; };
		4B29056524C43760007A3D1B /* ShowCard.swift */ = {isa = PBXFileReference; lastKnownFileType = sourcecode.swift; path = ShowCard.swift; sourceTree = "<group>"; };
		4B34874424C63EE20098F811 /* KeyboardHeightPublisher.swift */ = {isa = PBXFileReference; lastKnownFileType = sourcecode.swift; path = KeyboardHeightPublisher.swift; sourceTree = "<group>"; };
		4B34874624C63F360098F811 /* UIResponder+Current.swift */ = {isa = PBXFileReference; lastKnownFileType = sourcecode.swift; path = "UIResponder+Current.swift"; sourceTree = "<group>"; };
		4B37AF0925AA608E00209E22 /* searcher.swift */ = {isa = PBXFileReference; lastKnownFileType = sourcecode.swift; path = searcher.swift; sourceTree = "<group>"; };
		4B37AF1D25AAE60200209E22 /* Description.swift */ = {isa = PBXFileReference; lastKnownFileType = sourcecode.swift; path = Description.swift; sourceTree = "<group>"; };
		4B587D5F24D6E865006B9F96 /* TeaMeta.swift */ = {isa = PBXFileReference; lastKnownFileType = sourcecode.swift; path = TeaMeta.swift; sourceTree = "<group>"; };
		4B587D6324D6EDFB006B9F96 /* api.swift */ = {isa = PBXFileReference; lastKnownFileType = sourcecode.swift; path = api.swift; sourceTree = "<group>"; };
		4B67095B24C8A89900F4C4ED /* CardViewer.swift */ = {isa = PBXFileReference; lastKnownFileType = sourcecode.swift; path = CardViewer.swift; sourceTree = "<group>"; };
		4B818868250CBD990056E169 /* StoreKit.framework */ = {isa = PBXFileReference; lastKnownFileType = wrapper.framework; name = StoreKit.framework; path = System/Library/Frameworks/StoreKit.framework; sourceTree = SDKROOT; };
		4B85B4E424C447DE00588DB9 /* Menu.swift */ = {isa = PBXFileReference; lastKnownFileType = sourcecode.swift; path = Menu.swift; sourceTree = "<group>"; };
		4B8D0BB525AAEB6600FF40DB /* Name.swift */ = {isa = PBXFileReference; lastKnownFileType = sourcecode.swift; path = Name.swift; sourceTree = "<group>"; };
		4B8D0BBC25AAECA900FF40DB /* Type.swift */ = {isa = PBXFileReference; lastKnownFileType = sourcecode.swift; path = Type.swift; sourceTree = "<group>"; };
		4B8E853024D08D0B001FCFFF /* TeaElephantAppClip.app */ = {isa = PBXFileReference; explicitFileType = wrapper.application; includeInIndex = 0; path = TeaElephantAppClip.app; sourceTree = BUILT_PRODUCTS_DIR; };
		4B8E853224D08D0B001FCFFF /* TeaElephantAppClipApp.swift */ = {isa = PBXFileReference; lastKnownFileType = sourcecode.swift; path = TeaElephantAppClipApp.swift; sourceTree = "<group>"; };
		4B8E853624D08D0D001FCFFF /* Assets.xcassets */ = {isa = PBXFileReference; lastKnownFileType = folder.assetcatalog; path = Assets.xcassets; sourceTree = "<group>"; };
		4B8E853924D08D0D001FCFFF /* Preview Assets.xcassets */ = {isa = PBXFileReference; lastKnownFileType = folder.assetcatalog; path = "Preview Assets.xcassets"; sourceTree = "<group>"; };
		4B8E853B24D08D0D001FCFFF /* Info.plist */ = {isa = PBXFileReference; lastKnownFileType = text.plist.xml; path = Info.plist; sourceTree = "<group>"; };
		4B8E853C24D08D0D001FCFFF /* TeaElephantAppClip.entitlements */ = {isa = PBXFileReference; lastKnownFileType = text.plist.entitlements; path = TeaElephantAppClip.entitlements; sourceTree = "<group>"; };
		4B8E854524D09F31001FCFFF /* SharedAssets.xcassets */ = {isa = PBXFileReference; lastKnownFileType = folder.assetcatalog; path = SharedAssets.xcassets; sourceTree = "<group>"; };
		4B8E855B24D0AEA5001FCFFF /* FullAppOffer.swift */ = {isa = PBXFileReference; fileEncoding = 4; lastKnownFileType = sourcecode.swift; path = FullAppOffer.swift; sourceTree = "<group>"; };
		4BA6B76524C4E1C400C46814 /* NearFieldCommunicator.swift */ = {isa = PBXFileReference; lastKnownFileType = sourcecode.swift; path = NearFieldCommunicator.swift; sourceTree = "<group>"; };
		4BA6B76824C4E20800C46814 /* CoreNFC.framework */ = {isa = PBXFileReference; lastKnownFileType = wrapper.framework; name = CoreNFC.framework; path = System/Library/Frameworks/CoreNFC.framework; sourceTree = SDKROOT; };
/* End PBXFileReference section */

/* Begin PBXFrameworksBuildPhase section */
		4B29052924C0AEDE007A3D1B /* Frameworks */ = {
			isa = PBXFrameworksBuildPhase;
			buildActionMask = 2147483647;
			files = (
				4B864A3325AB0A7000714203 /* MessagePacker in Frameworks */,
				4B81886D250CBDD60056E169 /* StoreKit.framework in Frameworks */,
				4BA6B76924C4E20800C46814 /* CoreNFC.framework in Frameworks */,
			);
			runOnlyForDeploymentPostprocessing = 0;
		};
		4B29053A24C0AEDF007A3D1B /* Frameworks */ = {
			isa = PBXFrameworksBuildPhase;
			buildActionMask = 2147483647;
			files = (
			);
			runOnlyForDeploymentPostprocessing = 0;
		};
		4B29054524C0AEDF007A3D1B /* Frameworks */ = {
			isa = PBXFrameworksBuildPhase;
			buildActionMask = 2147483647;
			files = (
			);
			runOnlyForDeploymentPostprocessing = 0;
		};
		4B8E852D24D08D0B001FCFFF /* Frameworks */ = {
			isa = PBXFrameworksBuildPhase;
			buildActionMask = 2147483647;
			files = (
				4B864A3425AB0A7000714203 /* MessagePacker in Frameworks */,
				4B81886A250CBDBC0056E169 /* StoreKit.framework in Frameworks */,
				4B587D6B24D757DC006B9F96 /* CoreNFC.framework in Frameworks */,
			);
			runOnlyForDeploymentPostprocessing = 0;
		};
/* End PBXFrameworksBuildPhase section */

/* Begin PBXGroup section */
		1CEAFD82D710C2C5A7179BBD /* Views */ = {
			isa = PBXGroup;
			children = (
				4B29053124C0AEDE007A3D1B /* ContentView.swift */,
				4B29056324C4374F007A3D1B /* NewCard.swift */,
				4B29056524C43760007A3D1B /* ShowCard.swift */,
				4B85B4E424C447DE00588DB9 /* Menu.swift */,
				4B34874424C63EE20098F811 /* KeyboardHeightPublisher.swift */,
				4B34874624C63F360098F811 /* UIResponder+Current.swift */,
				4B67095B24C8A89900F4C4ED /* CardViewer.swift */,
				4B37AF1D25AAE60200209E22 /* Description.swift */,
				4B8D0BB525AAEB6600FF40DB /* Name.swift */,
				4B8D0BBC25AAECA900FF40DB /* Type.swift */,
			);
			path = Views;
			sourceTree = "<group>";
		};
		4B29052324C0AEDE007A3D1B = {
			isa = PBXGroup;
			children = (
				4B8E854424D09EFE001FCFFF /* Shared */,
				4B29052E24C0AEDE007A3D1B /* TeaElephant */,
				4B29054024C0AEDF007A3D1B /* TeaElephantTests */,
				4B29054B24C0AEDF007A3D1B /* TeaElephantUITests */,
				4B8E853124D08D0B001FCFFF /* TeaElephantAppClip */,
				4B29052D24C0AEDE007A3D1B /* Products */,
				4BA6B76724C4E20800C46814 /* Frameworks */,
			);
			sourceTree = "<group>";
		};
		4B29052D24C0AEDE007A3D1B /* Products */ = {
			isa = PBXGroup;
			children = (
				4B29052C24C0AEDE007A3D1B /* TeaElephant.app */,
				4B29053D24C0AEDF007A3D1B /* TeaElephantTests.xctest */,
				4B29054824C0AEDF007A3D1B /* TeaElephantUITests.xctest */,
				4B8E853024D08D0B001FCFFF /* TeaElephantAppClip.app */,
			);
			name = Products;
			sourceTree = "<group>";
		};
		4B29052E24C0AEDE007A3D1B /* TeaElephant */ = {
			isa = PBXGroup;
			children = (
				4B29056024C35DE9007A3D1B /* TeaElephant.entitlements */,
				4B29052F24C0AEDE007A3D1B /* TeaElephantApp.swift */,
				4B29053324C0AEDF007A3D1B /* Assets.xcassets */,
				4B29053824C0AEDF007A3D1B /* Info.plist */,
				4B29053524C0AEDF007A3D1B /* Preview Content */,
			);
			path = TeaElephant;
			sourceTree = "<group>";
		};
		4B29053524C0AEDF007A3D1B /* Preview Content */ = {
			isa = PBXGroup;
			children = (
				4B29053624C0AEDF007A3D1B /* Preview Assets.xcassets */,
			);
			path = "Preview Content";
			sourceTree = "<group>";
		};
		4B29054024C0AEDF007A3D1B /* TeaElephantTests */ = {
			isa = PBXGroup;
			children = (
				4B29054124C0AEDF007A3D1B /* TeaElephantTests.swift */,
				4B29054324C0AEDF007A3D1B /* Info.plist */,
			);
			path = TeaElephantTests;
			sourceTree = "<group>";
		};
		4B29054B24C0AEDF007A3D1B /* TeaElephantUITests */ = {
			isa = PBXGroup;
			children = (
				4B29054C24C0AEDF007A3D1B /* TeaElephantUITests.swift */,
				4B29054E24C0AEDF007A3D1B /* Info.plist */,
			);
			path = TeaElephantUITests;
			sourceTree = "<group>";
		};
		4B29055A24C2ECD6007A3D1B /* TagManagement */ = {
			isa = PBXGroup;
			children = (
				4B1D0A2D2504169F00D26450 /* reader.swift */,
				4B1D0A2E2504169F00D26450 /* writer.swift */,
				4B1D0A1E2504152100D26450 /* NFCreader.swift */,
				4B1D0A1D2504152100D26450 /* NFCwriter.swift */,
				4BA6B76524C4E1C400C46814 /* NearFieldCommunicator.swift */,
			);
			path = TagManagement;
			sourceTree = "<group>";
		};
		4B29055D24C2ED2A007A3D1B /* Models */ = {
			isa = PBXGroup;
			children = (
				4B29055E24C2ED3E007A3D1B /* TeaInfo.swift */,
				4B587D5F24D6E865006B9F96 /* TeaMeta.swift */,
			);
			path = Models;
			sourceTree = "<group>";
		};
		4B37AF0825AA607600209E22 /* Search */ = {
			isa = PBXGroup;
			children = (
				4B37AF0925AA608E00209E22 /* searcher.swift */,
			);
			path = Search;
			sourceTree = "<group>";
		};
		4B587D6224D6EDAD006B9F96 /* api */ = {
			isa = PBXGroup;
			children = (
				4B587D6324D6EDFB006B9F96 /* api.swift */,
				4B1D0A3525041ACE00D26450 /* TeaDataResponse.swift */,
			);
			path = api;
			sourceTree = "<group>";
		};
		4B8E853124D08D0B001FCFFF /* TeaElephantAppClip */ = {
			isa = PBXGroup;
			children = (
				4B8E855B24D0AEA5001FCFFF /* FullAppOffer.swift */,
				4B8E853224D08D0B001FCFFF /* TeaElephantAppClipApp.swift */,
				4B8E853624D08D0D001FCFFF /* Assets.xcassets */,
				4B8E853B24D08D0D001FCFFF /* Info.plist */,
				4B8E853C24D08D0D001FCFFF /* TeaElephantAppClip.entitlements */,
				4B8E853824D08D0D001FCFFF /* Preview Content */,
			);
			path = TeaElephantAppClip;
			sourceTree = "<group>";
		};
		4B8E853824D08D0D001FCFFF /* Preview Content */ = {
			isa = PBXGroup;
			children = (
				4B8E853924D08D0D001FCFFF /* Preview Assets.xcassets */,
			);
			path = "Preview Content";
			sourceTree = "<group>";
		};
		4B8E854424D09EFE001FCFFF /* Shared */ = {
			isa = PBXGroup;
			children = (
				4B37AF0825AA607600209E22 /* Search */,
				4B587D6224D6EDAD006B9F96 /* api */,
				4B29055D24C2ED2A007A3D1B /* Models */,
				4B29055A24C2ECD6007A3D1B /* TagManagement */,
				1CEAFD82D710C2C5A7179BBD /* Views */,
				4B8E854524D09F31001FCFFF /* SharedAssets.xcassets */,
			);
			path = Shared;
			sourceTree = "<group>";
		};
		4BA6B76724C4E20800C46814 /* Frameworks */ = {
			isa = PBXGroup;
			children = (
				4B818868250CBD990056E169 /* StoreKit.framework */,
				4BA6B76824C4E20800C46814 /* CoreNFC.framework */,
			);
			name = Frameworks;
			sourceTree = "<group>";
		};
/* End PBXGroup section */

/* Begin PBXNativeTarget section */
		4B29052B24C0AEDE007A3D1B /* TeaElephant */ = {
			isa = PBXNativeTarget;
			buildConfigurationList = 4B29055124C0AEDF007A3D1B /* Build configuration list for PBXNativeTarget "TeaElephant" */;
			buildPhases = (
				4B29052824C0AEDE007A3D1B /* Sources */,
				4B29052924C0AEDE007A3D1B /* Frameworks */,
				4B29052A24C0AEDE007A3D1B /* Resources */,
				4B8E854024D08D0D001FCFFF /* Embed App Clips */,
			);
			buildRules = (
			);
			dependencies = (
				4B8E853E24D08D0D001FCFFF /* PBXTargetDependency */,
			);
			name = TeaElephant;
			packageProductDependencies = (
				4B587D5B24D6D1E4006B9F96 /* MessagePacker */,
			);
			productName = TeaElephant;
			productReference = 4B29052C24C0AEDE007A3D1B /* TeaElephant.app */;
			productType = "com.apple.product-type.application";
		};
		4B29053C24C0AEDF007A3D1B /* TeaElephantTests */ = {
			isa = PBXNativeTarget;
			buildConfigurationList = 4B29055424C0AEDF007A3D1B /* Build configuration list for PBXNativeTarget "TeaElephantTests" */;
			buildPhases = (
				4B29053924C0AEDF007A3D1B /* Sources */,
				4B29053A24C0AEDF007A3D1B /* Frameworks */,
				4B29053B24C0AEDF007A3D1B /* Resources */,
			);
			buildRules = (
			);
			dependencies = (
				4B29053F24C0AEDF007A3D1B /* PBXTargetDependency */,
			);
			name = TeaElephantTests;
			productName = TeaElephantTests;
			productReference = 4B29053D24C0AEDF007A3D1B /* TeaElephantTests.xctest */;
			productType = "com.apple.product-type.bundle.unit-test";
		};
		4B29054724C0AEDF007A3D1B /* TeaElephantUITests */ = {
			isa = PBXNativeTarget;
			buildConfigurationList = 4B29055724C0AEDF007A3D1B /* Build configuration list for PBXNativeTarget "TeaElephantUITests" */;
			buildPhases = (
				4B29054424C0AEDF007A3D1B /* Sources */,
				4B29054524C0AEDF007A3D1B /* Frameworks */,
				4B29054624C0AEDF007A3D1B /* Resources */,
			);
			buildRules = (
			);
			dependencies = (
				4B29054A24C0AEDF007A3D1B /* PBXTargetDependency */,
			);
			name = TeaElephantUITests;
			productName = TeaElephantUITests;
			productReference = 4B29054824C0AEDF007A3D1B /* TeaElephantUITests.xctest */;
			productType = "com.apple.product-type.bundle.ui-testing";
		};
		4B8E852F24D08D0B001FCFFF /* TeaElephantAppClip */ = {
			isa = PBXNativeTarget;
			buildConfigurationList = 4B8E854324D08D0D001FCFFF /* Build configuration list for PBXNativeTarget "TeaElephantAppClip" */;
			buildPhases = (
				4B8E852C24D08D0B001FCFFF /* Sources */,
				4B8E852D24D08D0B001FCFFF /* Frameworks */,
				4B8E852E24D08D0B001FCFFF /* Resources */,
			);
			buildRules = (
			);
			dependencies = (
			);
			name = TeaElephantAppClip;
			packageProductDependencies = (
				4B587D5D24D6D1F1006B9F96 /* MessagePacker */,
			);
			productName = TeaElephantAppClip;
			productReference = 4B8E853024D08D0B001FCFFF /* TeaElephantAppClip.app */;
			productType = "com.apple.product-type.application.on-demand-install-capable";
		};
/* End PBXNativeTarget section */

/* Begin PBXProject section */
		4B29052424C0AEDE007A3D1B /* Project object */ = {
			isa = PBXProject;
			attributes = {
				LastSwiftUpdateCheck = 1200;
				LastUpgradeCheck = 1200;
				TargetAttributes = {
					4B29052B24C0AEDE007A3D1B = {
						CreatedOnToolsVersion = 12.0;
					};
					4B29053C24C0AEDF007A3D1B = {
						CreatedOnToolsVersion = 12.0;
						TestTargetID = 4B29052B24C0AEDE007A3D1B;
					};
					4B29054724C0AEDF007A3D1B = {
						CreatedOnToolsVersion = 12.0;
						TestTargetID = 4B29052B24C0AEDE007A3D1B;
					};
					4B8E852F24D08D0B001FCFFF = {
						CreatedOnToolsVersion = 12.0;
					};
				};
			};
			buildConfigurationList = 4B29052724C0AEDE007A3D1B /* Build configuration list for PBXProject "TeaElephant" */;
			compatibilityVersion = "Xcode 12.0";
			developmentRegion = en;
			hasScannedForEncodings = 0;
			knownRegions = (
				en,
				Base,
			);
			mainGroup = 4B29052324C0AEDE007A3D1B;
			packageReferences = (
				4B587D5A24D6D1E4006B9F96 /* XCRemoteSwiftPackageReference "MessagePacker" */,
			);
			productRefGroup = 4B29052D24C0AEDE007A3D1B /* Products */;
			projectDirPath = "";
			projectRoot = "";
			targets = (
				4B29052B24C0AEDE007A3D1B /* TeaElephant */,
				4B29053C24C0AEDF007A3D1B /* TeaElephantTests */,
				4B29054724C0AEDF007A3D1B /* TeaElephantUITests */,
				4B8E852F24D08D0B001FCFFF /* TeaElephantAppClip */,
			);
		};
/* End PBXProject section */

/* Begin PBXResourcesBuildPhase section */
		4B29052A24C0AEDE007A3D1B /* Resources */ = {
			isa = PBXResourcesBuildPhase;
			buildActionMask = 2147483647;
			files = (
				4B8E854624D09F31001FCFFF /* SharedAssets.xcassets in Resources */,
				4B29053724C0AEDF007A3D1B /* Preview Assets.xcassets in Resources */,
				4B29053424C0AEDF007A3D1B /* Assets.xcassets in Resources */,
			);
			runOnlyForDeploymentPostprocessing = 0;
		};
		4B29053B24C0AEDF007A3D1B /* Resources */ = {
			isa = PBXResourcesBuildPhase;
			buildActionMask = 2147483647;
			files = (
			);
			runOnlyForDeploymentPostprocessing = 0;
		};
		4B29054624C0AEDF007A3D1B /* Resources */ = {
			isa = PBXResourcesBuildPhase;
			buildActionMask = 2147483647;
			files = (
			);
			runOnlyForDeploymentPostprocessing = 0;
		};
		4B8E852E24D08D0B001FCFFF /* Resources */ = {
			isa = PBXResourcesBuildPhase;
			buildActionMask = 2147483647;
			files = (
				4B8E855724D09FAA001FCFFF /* SharedAssets.xcassets in Resources */,
				4B8E853A24D08D0D001FCFFF /* Preview Assets.xcassets in Resources */,
				4B8E853724D08D0D001FCFFF /* Assets.xcassets in Resources */,
			);
			runOnlyForDeploymentPostprocessing = 0;
		};
/* End PBXResourcesBuildPhase section */

/* Begin PBXSourcesBuildPhase section */
		4B29052824C0AEDE007A3D1B /* Sources */ = {
			isa = PBXSourcesBuildPhase;
			buildActionMask = 2147483647;
			files = (
				4B1D0A1F2504152100D26450 /* NFCwriter.swift in Sources */,
				4B587D6424D6EDFB006B9F96 /* api.swift in Sources */,
				4B37AF0A25AA608E00209E22 /* searcher.swift in Sources */,
				4B34874724C63F360098F811 /* UIResponder+Current.swift in Sources */,
				4B1D0A222504152100D26450 /* NFCreader.swift in Sources */,
				4B8D0BBD25AAECA900FF40DB /* Type.swift in Sources */,
				4B1D0A322504169F00D26450 /* writer.swift in Sources */,
				4B29053224C0AEDE007A3D1B /* ContentView.swift in Sources */,
				4B587D6024D6E865006B9F96 /* TeaMeta.swift in Sources */,
				4B34874524C63EE20098F811 /* KeyboardHeightPublisher.swift in Sources */,
				4B1D0A3625041ACE00D26450 /* TeaDataResponse.swift in Sources */,
				4BA6B76624C4E1C400C46814 /* NearFieldCommunicator.swift in Sources */,
				4B8D0BB625AAEB6600FF40DB /* Name.swift in Sources */,
				4B37AF1E25AAE60200209E22 /* Description.swift in Sources */,
				4B85B4E524C447DE00588DB9 /* Menu.swift in Sources */,
				4B29056624C43760007A3D1B /* ShowCard.swift in Sources */,
				4B67095C24C8A89900F4C4ED /* CardViewer.swift in Sources */,
				4B29056424C4374F007A3D1B /* NewCard.swift in Sources */,
				4B1D0A2F2504169F00D26450 /* reader.swift in Sources */,
				4B29055F24C2ED3E007A3D1B /* TeaInfo.swift in Sources */,
				4B29053024C0AEDE007A3D1B /* TeaElephantApp.swift in Sources */,
			);
			runOnlyForDeploymentPostprocessing = 0;
		};
		4B29053924C0AEDF007A3D1B /* Sources */ = {
			isa = PBXSourcesBuildPhase;
			buildActionMask = 2147483647;
			files = (
				4B1D0A332504169F00D26450 /* writer.swift in Sources */,
				4B1D0A302504169F00D26450 /* reader.swift in Sources */,
				4B1D0A202504152100D26450 /* NFCwriter.swift in Sources */,
				4B1D0A3725041ACE00D26450 /* TeaDataResponse.swift in Sources */,
				4B8E854C24D09F93001FCFFF /* NearFieldCommunicator.swift in Sources */,
				4B8E854724D09F8B001FCFFF /* TeaInfo.swift in Sources */,
				4B29054224C0AEDF007A3D1B /* TeaElephantTests.swift in Sources */,
				4B1D0A232504152100D26450 /* NFCreader.swift in Sources */,
			);
			runOnlyForDeploymentPostprocessing = 0;
		};
		4B29054424C0AEDF007A3D1B /* Sources */ = {
			isa = PBXSourcesBuildPhase;
			buildActionMask = 2147483647;
			files = (
				4B8E854824D09F8C001FCFFF /* TeaInfo.swift in Sources */,
				4B29054D24C0AEDF007A3D1B /* TeaElephantUITests.swift in Sources */,
			);
			runOnlyForDeploymentPostprocessing = 0;
		};
		4B8E852C24D08D0B001FCFFF /* Sources */ = {
			isa = PBXSourcesBuildPhase;
			buildActionMask = 2147483647;
			files = (
				4B8E855024D09F9F001FCFFF /* UIResponder+Current.swift in Sources */,
				4B8E855424D09F9F001FCFFF /* KeyboardHeightPublisher.swift in Sources */,
				4B37AF1325AA65BD00209E22 /* searcher.swift in Sources */,
				4B37AF1F25AAE60200209E22 /* Description.swift in Sources */,
				4B8E855124D09F9F001FCFFF /* ContentView.swift in Sources */,
				4B8E854F24D09F95001FCFFF /* NearFieldCommunicator.swift in Sources */,
				4B8E855524D09F9F001FCFFF /* ShowCard.swift in Sources */,
				4B8E855624D09F9F001FCFFF /* Menu.swift in Sources */,
				4B8E855C24D0AEA5001FCFFF /* FullAppOffer.swift in Sources */,
				4B8E855324D09F9F001FCFFF /* CardViewer.swift in Sources */,
				4B8E855224D09F9F001FCFFF /* NewCard.swift in Sources */,
				4B1D0A342504169F00D26450 /* writer.swift in Sources */,
				4B1D0A242504152100D26450 /* NFCreader.swift in Sources */,
				4B1D0A312504169F00D26450 /* reader.swift in Sources */,
				4B587D6524D6EDFB006B9F96 /* api.swift in Sources */,
				4B8D0BBE25AAECA900FF40DB /* Type.swift in Sources */,
				4B1D0A3825041ACE00D26450 /* TeaDataResponse.swift in Sources */,
				4B8E854924D09F8D001FCFFF /* TeaInfo.swift in Sources */,
				4B8E853324D08D0B001FCFFF /* TeaElephantAppClipApp.swift in Sources */,
				4B1D0A212504152100D26450 /* NFCwriter.swift in Sources */,
				4B8D0BB725AAEB6600FF40DB /* Name.swift in Sources */,
				4B587D6124D6E865006B9F96 /* TeaMeta.swift in Sources */,
			);
			runOnlyForDeploymentPostprocessing = 0;
		};
/* End PBXSourcesBuildPhase section */

/* Begin PBXTargetDependency section */
		4B29053F24C0AEDF007A3D1B /* PBXTargetDependency */ = {
			isa = PBXTargetDependency;
			target = 4B29052B24C0AEDE007A3D1B /* TeaElephant */;
			targetProxy = 4B29053E24C0AEDF007A3D1B /* PBXContainerItemProxy */;
		};
		4B29054A24C0AEDF007A3D1B /* PBXTargetDependency */ = {
			isa = PBXTargetDependency;
			target = 4B29052B24C0AEDE007A3D1B /* TeaElephant */;
			targetProxy = 4B29054924C0AEDF007A3D1B /* PBXContainerItemProxy */;
		};
		4B8E853E24D08D0D001FCFFF /* PBXTargetDependency */ = {
			isa = PBXTargetDependency;
			target = 4B8E852F24D08D0B001FCFFF /* TeaElephantAppClip */;
			targetProxy = 4B8E853D24D08D0D001FCFFF /* PBXContainerItemProxy */;
		};
/* End PBXTargetDependency section */

/* Begin XCBuildConfiguration section */
		4B29054F24C0AEDF007A3D1B /* Debug */ = {
			isa = XCBuildConfiguration;
			buildSettings = {
				ALWAYS_SEARCH_USER_PATHS = NO;
				CLANG_ANALYZER_NONNULL = YES;
				CLANG_ANALYZER_NUMBER_OBJECT_CONVERSION = YES_AGGRESSIVE;
				CLANG_CXX_LANGUAGE_STANDARD = "gnu++14";
				CLANG_CXX_LIBRARY = "libc++";
				CLANG_ENABLE_MODULES = YES;
				CLANG_ENABLE_OBJC_ARC = YES;
				CLANG_ENABLE_OBJC_WEAK = YES;
				CLANG_WARN_BLOCK_CAPTURE_AUTORELEASING = YES;
				CLANG_WARN_BOOL_CONVERSION = YES;
				CLANG_WARN_COMMA = YES;
				CLANG_WARN_CONSTANT_CONVERSION = YES;
				CLANG_WARN_DEPRECATED_OBJC_IMPLEMENTATIONS = YES;
				CLANG_WARN_DIRECT_OBJC_ISA_USAGE = YES_ERROR;
				CLANG_WARN_DOCUMENTATION_COMMENTS = YES;
				CLANG_WARN_EMPTY_BODY = YES;
				CLANG_WARN_ENUM_CONVERSION = YES;
				CLANG_WARN_INFINITE_RECURSION = YES;
				CLANG_WARN_INT_CONVERSION = YES;
				CLANG_WARN_NON_LITERAL_NULL_CONVERSION = YES;
				CLANG_WARN_OBJC_IMPLICIT_RETAIN_SELF = YES;
				CLANG_WARN_OBJC_LITERAL_CONVERSION = YES;
				CLANG_WARN_OBJC_ROOT_CLASS = YES_ERROR;
				CLANG_WARN_QUOTED_INCLUDE_IN_FRAMEWORK_HEADER = YES;
				CLANG_WARN_RANGE_LOOP_ANALYSIS = YES;
				CLANG_WARN_STRICT_PROTOTYPES = YES;
				CLANG_WARN_SUSPICIOUS_MOVE = YES;
				CLANG_WARN_UNGUARDED_AVAILABILITY = YES_AGGRESSIVE;
				CLANG_WARN_UNREACHABLE_CODE = YES;
				CLANG_WARN__DUPLICATE_METHOD_MATCH = YES;
				COPY_PHASE_STRIP = NO;
				DEBUG_INFORMATION_FORMAT = dwarf;
				ENABLE_STRICT_OBJC_MSGSEND = YES;
				ENABLE_TESTABILITY = YES;
				GCC_C_LANGUAGE_STANDARD = gnu11;
				GCC_DYNAMIC_NO_PIC = NO;
				GCC_NO_COMMON_BLOCKS = YES;
				GCC_OPTIMIZATION_LEVEL = 0;
				GCC_PREPROCESSOR_DEFINITIONS = (
					"DEBUG=1",
					"$(inherited)",
				);
				GCC_WARN_64_TO_32_BIT_CONVERSION = YES;
				GCC_WARN_ABOUT_RETURN_TYPE = YES_ERROR;
				GCC_WARN_UNDECLARED_SELECTOR = YES;
				GCC_WARN_UNINITIALIZED_AUTOS = YES_AGGRESSIVE;
				GCC_WARN_UNUSED_FUNCTION = YES;
				GCC_WARN_UNUSED_VARIABLE = YES;
				IPHONEOS_DEPLOYMENT_TARGET = 14.0;
				MTL_ENABLE_DEBUG_INFO = INCLUDE_SOURCE;
				MTL_FAST_MATH = YES;
				ONLY_ACTIVE_ARCH = YES;
				SDKROOT = iphoneos;
				SWIFT_ACTIVE_COMPILATION_CONDITIONS = DEBUG;
				SWIFT_OPTIMIZATION_LEVEL = "-Onone";
			};
			name = Debug;
		};
		4B29055024C0AEDF007A3D1B /* Release */ = {
			isa = XCBuildConfiguration;
			buildSettings = {
				ALWAYS_SEARCH_USER_PATHS = NO;
				CLANG_ANALYZER_NONNULL = YES;
				CLANG_ANALYZER_NUMBER_OBJECT_CONVERSION = YES_AGGRESSIVE;
				CLANG_CXX_LANGUAGE_STANDARD = "gnu++14";
				CLANG_CXX_LIBRARY = "libc++";
				CLANG_ENABLE_MODULES = YES;
				CLANG_ENABLE_OBJC_ARC = YES;
				CLANG_ENABLE_OBJC_WEAK = YES;
				CLANG_WARN_BLOCK_CAPTURE_AUTORELEASING = YES;
				CLANG_WARN_BOOL_CONVERSION = YES;
				CLANG_WARN_COMMA = YES;
				CLANG_WARN_CONSTANT_CONVERSION = YES;
				CLANG_WARN_DEPRECATED_OBJC_IMPLEMENTATIONS = YES;
				CLANG_WARN_DIRECT_OBJC_ISA_USAGE = YES_ERROR;
				CLANG_WARN_DOCUMENTATION_COMMENTS = YES;
				CLANG_WARN_EMPTY_BODY = YES;
				CLANG_WARN_ENUM_CONVERSION = YES;
				CLANG_WARN_INFINITE_RECURSION = YES;
				CLANG_WARN_INT_CONVERSION = YES;
				CLANG_WARN_NON_LITERAL_NULL_CONVERSION = YES;
				CLANG_WARN_OBJC_IMPLICIT_RETAIN_SELF = YES;
				CLANG_WARN_OBJC_LITERAL_CONVERSION = YES;
				CLANG_WARN_OBJC_ROOT_CLASS = YES_ERROR;
				CLANG_WARN_QUOTED_INCLUDE_IN_FRAMEWORK_HEADER = YES;
				CLANG_WARN_RANGE_LOOP_ANALYSIS = YES;
				CLANG_WARN_STRICT_PROTOTYPES = YES;
				CLANG_WARN_SUSPICIOUS_MOVE = YES;
				CLANG_WARN_UNGUARDED_AVAILABILITY = YES_AGGRESSIVE;
				CLANG_WARN_UNREACHABLE_CODE = YES;
				CLANG_WARN__DUPLICATE_METHOD_MATCH = YES;
				COPY_PHASE_STRIP = NO;
				DEBUG_INFORMATION_FORMAT = "dwarf-with-dsym";
				ENABLE_NS_ASSERTIONS = NO;
				ENABLE_STRICT_OBJC_MSGSEND = YES;
				GCC_C_LANGUAGE_STANDARD = gnu11;
				GCC_NO_COMMON_BLOCKS = YES;
				GCC_WARN_64_TO_32_BIT_CONVERSION = YES;
				GCC_WARN_ABOUT_RETURN_TYPE = YES_ERROR;
				GCC_WARN_UNDECLARED_SELECTOR = YES;
				GCC_WARN_UNINITIALIZED_AUTOS = YES_AGGRESSIVE;
				GCC_WARN_UNUSED_FUNCTION = YES;
				GCC_WARN_UNUSED_VARIABLE = YES;
				IPHONEOS_DEPLOYMENT_TARGET = 14.0;
				MTL_ENABLE_DEBUG_INFO = NO;
				MTL_FAST_MATH = YES;
				SDKROOT = iphoneos;
				SWIFT_COMPILATION_MODE = wholemodule;
				SWIFT_OPTIMIZATION_LEVEL = "-O";
				VALIDATE_PRODUCT = YES;
			};
			name = Release;
		};
		4B29055224C0AEDF007A3D1B /* Debug */ = {
			isa = XCBuildConfiguration;
			buildSettings = {
				ALWAYS_EMBED_SWIFT_STANDARD_LIBRARIES = YES;
				ARCHS = "$(ARCHS_STANDARD)";
				ASSETCATALOG_COMPILER_APPICON_NAME = AppIcon;
				ASSETCATALOG_COMPILER_GLOBAL_ACCENT_COLOR_NAME = AccentColor;
				CODE_SIGN_ENTITLEMENTS = TeaElephant/TeaElephant.entitlements;
				CODE_SIGN_STYLE = Automatic;
				CURRENT_PROJECT_VERSION = 1;
				DEVELOPMENT_ASSET_PATHS = "\"TeaElephant/Preview Content\"";
				DEVELOPMENT_TEAM = R859U8DTY9;
				ENABLE_PREVIEWS = YES;
				"EXCLUDED_ARCHS[sdk=iphonesimulator14.0]" = arm64;
				INFOPLIST_FILE = TeaElephant/Info.plist;
				IPHONEOS_DEPLOYMENT_TARGET = 14.0;
				LD_RUNPATH_SEARCH_PATHS = (
					"$(inherited)",
					"@executable_path/Frameworks",
				);
				MARKETING_VERSION = 1.0.1;
				PRODUCT_BUNDLE_IDENTIFIER = xax.TeaElephant;
				PRODUCT_NAME = "$(TARGET_NAME)";
				SWIFT_VERSION = 5.0;
				TARGETED_DEVICE_FAMILY = 1;
			};
			name = Debug;
		};
		4B29055324C0AEDF007A3D1B /* Release */ = {
			isa = XCBuildConfiguration;
			buildSettings = {
				ALWAYS_EMBED_SWIFT_STANDARD_LIBRARIES = YES;
				ARCHS = "$(ARCHS_STANDARD)";
				ASSETCATALOG_COMPILER_APPICON_NAME = AppIcon;
				ASSETCATALOG_COMPILER_GLOBAL_ACCENT_COLOR_NAME = AccentColor;
				CODE_SIGN_ENTITLEMENTS = TeaElephant/TeaElephant.entitlements;
				CODE_SIGN_STYLE = Automatic;
				CURRENT_PROJECT_VERSION = 1;
				DEVELOPMENT_ASSET_PATHS = "\"TeaElephant/Preview Content\"";
				DEVELOPMENT_TEAM = R859U8DTY9;
				ENABLE_PREVIEWS = YES;
				INFOPLIST_FILE = TeaElephant/Info.plist;
				IPHONEOS_DEPLOYMENT_TARGET = 14.0;
				LD_RUNPATH_SEARCH_PATHS = (
					"$(inherited)",
					"@executable_path/Frameworks",
				);
				MARKETING_VERSION = 1.0.1;
				PRODUCT_BUNDLE_IDENTIFIER = xax.TeaElephant;
				PRODUCT_NAME = "$(TARGET_NAME)";
				SWIFT_VERSION = 5.0;
				TARGETED_DEVICE_FAMILY = 1;
			};
			name = Release;
		};
		4B29055524C0AEDF007A3D1B /* Debug */ = {
			isa = XCBuildConfiguration;
			buildSettings = {
				ALWAYS_EMBED_SWIFT_STANDARD_LIBRARIES = YES;
				BUNDLE_LOADER = "$(TEST_HOST)";
				CODE_SIGN_STYLE = Automatic;
				DEVELOPMENT_TEAM = R859U8DTY9;
				INFOPLIST_FILE = TeaElephantTests/Info.plist;
				IPHONEOS_DEPLOYMENT_TARGET = 14.0;
				LD_RUNPATH_SEARCH_PATHS = (
					"$(inherited)",
					"@executable_path/Frameworks",
					"@loader_path/Frameworks",
				);
				PRODUCT_BUNDLE_IDENTIFIER = xax.TeaElephantTests;
				PRODUCT_NAME = "$(TARGET_NAME)";
				SWIFT_VERSION = 5.0;
				TARGETED_DEVICE_FAMILY = "1,2";
				TEST_HOST = "$(BUILT_PRODUCTS_DIR)/TeaElephant.app/TeaElephant";
			};
			name = Debug;
		};
		4B29055624C0AEDF007A3D1B /* Release */ = {
			isa = XCBuildConfiguration;
			buildSettings = {
				ALWAYS_EMBED_SWIFT_STANDARD_LIBRARIES = YES;
				BUNDLE_LOADER = "$(TEST_HOST)";
				CODE_SIGN_STYLE = Automatic;
				DEVELOPMENT_TEAM = R859U8DTY9;
				INFOPLIST_FILE = TeaElephantTests/Info.plist;
				IPHONEOS_DEPLOYMENT_TARGET = 14.0;
				LD_RUNPATH_SEARCH_PATHS = (
					"$(inherited)",
					"@executable_path/Frameworks",
					"@loader_path/Frameworks",
				);
				PRODUCT_BUNDLE_IDENTIFIER = xax.TeaElephantTests;
				PRODUCT_NAME = "$(TARGET_NAME)";
				SWIFT_VERSION = 5.0;
				TARGETED_DEVICE_FAMILY = "1,2";
				TEST_HOST = "$(BUILT_PRODUCTS_DIR)/TeaElephant.app/TeaElephant";
			};
			name = Release;
		};
		4B29055824C0AEDF007A3D1B /* Debug */ = {
			isa = XCBuildConfiguration;
			buildSettings = {
				ALWAYS_EMBED_SWIFT_STANDARD_LIBRARIES = YES;
				CODE_SIGN_STYLE = Automatic;
				DEVELOPMENT_TEAM = R859U8DTY9;
				INFOPLIST_FILE = TeaElephantUITests/Info.plist;
				LD_RUNPATH_SEARCH_PATHS = (
					"$(inherited)",
					"@executable_path/Frameworks",
					"@loader_path/Frameworks",
				);
				PRODUCT_BUNDLE_IDENTIFIER = xax.TeaElephantUITests;
				PRODUCT_NAME = "$(TARGET_NAME)";
				SWIFT_VERSION = 5.0;
				TARGETED_DEVICE_FAMILY = "1,2";
				TEST_TARGET_NAME = TeaElephant;
			};
			name = Debug;
		};
		4B29055924C0AEDF007A3D1B /* Release */ = {
			isa = XCBuildConfiguration;
			buildSettings = {
				ALWAYS_EMBED_SWIFT_STANDARD_LIBRARIES = YES;
				CODE_SIGN_STYLE = Automatic;
				DEVELOPMENT_TEAM = R859U8DTY9;
				INFOPLIST_FILE = TeaElephantUITests/Info.plist;
				LD_RUNPATH_SEARCH_PATHS = (
					"$(inherited)",
					"@executable_path/Frameworks",
					"@loader_path/Frameworks",
				);
				PRODUCT_BUNDLE_IDENTIFIER = xax.TeaElephantUITests;
				PRODUCT_NAME = "$(TARGET_NAME)";
				SWIFT_VERSION = 5.0;
				TARGETED_DEVICE_FAMILY = "1,2";
				TEST_TARGET_NAME = TeaElephant;
			};
			name = Release;
		};
		4B8E854124D08D0D001FCFFF /* Debug */ = {
			isa = XCBuildConfiguration;
			buildSettings = {
				ASSETCATALOG_COMPILER_APPICON_NAME = AppIcon;
				ASSETCATALOG_COMPILER_GLOBAL_ACCENT_COLOR_NAME = AccentColor;
				CODE_SIGN_ENTITLEMENTS = TeaElephantAppClip/TeaElephantAppClip.entitlements;
				CODE_SIGN_STYLE = Automatic;
				CURRENT_PROJECT_VERSION = 1;
				DEVELOPMENT_ASSET_PATHS = "\"TeaElephantAppClip/Preview Content\"";
				DEVELOPMENT_TEAM = R859U8DTY9;
				ENABLE_PREVIEWS = YES;
				"EXCLUDED_ARCHS[sdk=iphonesimulator14.0]" = arm64;
				INFOPLIST_FILE = TeaElephantAppClip/Info.plist;
				IPHONEOS_DEPLOYMENT_TARGET = 14.0;
				LD_RUNPATH_SEARCH_PATHS = (
					"$(inherited)",
					"@executable_path/Frameworks",
				);
				MARKETING_VERSION = 1.0.1;
				PRODUCT_BUNDLE_IDENTIFIER = xax.TeaElephant.Clip;
				PRODUCT_NAME = "$(TARGET_NAME)";
				SWIFT_ACTIVE_COMPILATION_CONDITIONS = "DEBUG APPCLIP";
				SWIFT_VERSION = 5.0;
				TARGETED_DEVICE_FAMILY = 1;
			};
			name = Debug;
		};
		4B8E854224D08D0D001FCFFF /* Release */ = {
			isa = XCBuildConfiguration;
			buildSettings = {
				ASSETCATALOG_COMPILER_APPICON_NAME = AppIcon;
				ASSETCATALOG_COMPILER_GLOBAL_ACCENT_COLOR_NAME = AccentColor;
				CODE_SIGN_ENTITLEMENTS = TeaElephantAppClip/TeaElephantAppClip.entitlements;
				CODE_SIGN_STYLE = Automatic;
				CURRENT_PROJECT_VERSION = 1;
				DEVELOPMENT_ASSET_PATHS = "\"TeaElephantAppClip/Preview Content\"";
				DEVELOPMENT_TEAM = R859U8DTY9;
				ENABLE_PREVIEWS = YES;
				INFOPLIST_FILE = TeaElephantAppClip/Info.plist;
				IPHONEOS_DEPLOYMENT_TARGET = 14.0;
				LD_RUNPATH_SEARCH_PATHS = (
					"$(inherited)",
					"@executable_path/Frameworks",
				);
				MARKETING_VERSION = 1.0.1;
				PRODUCT_BUNDLE_IDENTIFIER = xax.TeaElephant.Clip;
				PRODUCT_NAME = "$(TARGET_NAME)";
				SWIFT_ACTIVE_COMPILATION_CONDITIONS = APPCLIP;
				SWIFT_VERSION = 5.0;
				TARGETED_DEVICE_FAMILY = 1;
			};
			name = Release;
		};
/* End XCBuildConfiguration section */

/* Begin XCConfigurationList section */
		4B29052724C0AEDE007A3D1B /* Build configuration list for PBXProject "TeaElephant" */ = {
			isa = XCConfigurationList;
			buildConfigurations = (
				4B29054F24C0AEDF007A3D1B /* Debug */,
				4B29055024C0AEDF007A3D1B /* Release */,
			);
			defaultConfigurationIsVisible = 0;
			defaultConfigurationName = Release;
		};
		4B29055124C0AEDF007A3D1B /* Build configuration list for PBXNativeTarget "TeaElephant" */ = {
			isa = XCConfigurationList;
			buildConfigurations = (
				4B29055224C0AEDF007A3D1B /* Debug */,
				4B29055324C0AEDF007A3D1B /* Release */,
			);
			defaultConfigurationIsVisible = 0;
			defaultConfigurationName = Release;
		};
		4B29055424C0AEDF007A3D1B /* Build configuration list for PBXNativeTarget "TeaElephantTests" */ = {
			isa = XCConfigurationList;
			buildConfigurations = (
				4B29055524C0AEDF007A3D1B /* Debug */,
				4B29055624C0AEDF007A3D1B /* Release */,
			);
			defaultConfigurationIsVisible = 0;
			defaultConfigurationName = Release;
		};
		4B29055724C0AEDF007A3D1B /* Build configuration list for PBXNativeTarget "TeaElephantUITests" */ = {
			isa = XCConfigurationList;
			buildConfigurations = (
				4B29055824C0AEDF007A3D1B /* Debug */,
				4B29055924C0AEDF007A3D1B /* Release */,
			);
			defaultConfigurationIsVisible = 0;
			defaultConfigurationName = Release;
		};
		4B8E854324D08D0D001FCFFF /* Build configuration list for PBXNativeTarget "TeaElephantAppClip" */ = {
			isa = XCConfigurationList;
			buildConfigurations = (
				4B8E854124D08D0D001FCFFF /* Debug */,
				4B8E854224D08D0D001FCFFF /* Release */,
			);
			defaultConfigurationIsVisible = 0;
			defaultConfigurationName = Release;
		};
/* End XCConfigurationList section */

/* Begin XCRemoteSwiftPackageReference section */
		4B587D5A24D6D1E4006B9F96 /* XCRemoteSwiftPackageReference "MessagePacker" */ = {
			isa = XCRemoteSwiftPackageReference;
			repositoryURL = "https://github.com/hirotakan/MessagePacker.git";
			requirement = {
				kind = upToNextMajorVersion;
				minimumVersion = 0.4.1;
			};
		};
/* End XCRemoteSwiftPackageReference section */

/* Begin XCSwiftPackageProductDependency section */
		4B587D5B24D6D1E4006B9F96 /* MessagePacker */ = {
			isa = XCSwiftPackageProductDependency;
			package = 4B587D5A24D6D1E4006B9F96 /* XCRemoteSwiftPackageReference "MessagePacker" */;
			productName = MessagePacker;
		};
		4B587D5D24D6D1F1006B9F96 /* MessagePacker */ = {
			isa = XCSwiftPackageProductDependency;
			package = 4B587D5A24D6D1E4006B9F96 /* XCRemoteSwiftPackageReference "MessagePacker" */;
			productName = MessagePacker;
		};
/* End XCSwiftPackageProductDependency section */
	};
	rootObject = 4B29052424C0AEDE007A3D1B /* Project object */;
}
